
Microsoft Visual Studio Solution File, Format Version 12.00
# Visual Studio Version 16
VisualStudioVersion = 16.0.31005.135
MinimumVisualStudioVersion = 10.0.40219.1
Project("{FAE04EC0-301F-11D3-BF4B-00C04F79EFBC}") = "Project_Goettergaemmerung", "Project_Goettergaemmerung.csproj", "{DC6747C7-19A4-4FBC-A914-D19BE3960509}"
EndProject
Global
	GlobalSection(SolutionConfigurationPlatforms) = preSolution
		Debug|Any CPU = Debug|Any CPU
		Release|Any CPU = Release|Any CPU
	EndGlobalSection
	GlobalSection(ProjectConfigurationPlatforms) = postSolution
		{DC6747C7-19A4-4FBC-A914-D19BE3960509}.Debug|Any CPU.ActiveCfg = Debug|Any CPU
		{DC6747C7-19A4-4FBC-A914-D19BE3960509}.Debug|Any CPU.Build.0 = Debug|Any CPU
		{DC6747C7-19A4-4FBC-A914-D19BE3960509}.Release|Any CPU.ActiveCfg = Release|Any CPU
		{DC6747C7-19A4-4FBC-A914-D19BE3960509}.Release|Any CPU.Build.0 = Release|Any CPU
	EndGlobalSection
	GlobalSection(SolutionProperties) = preSolution
		HideSolutionNode = FALSE
	EndGlobalSection
	GlobalSection(ExtensibilityGlobals) = postSolution
		SolutionGuid = {14A14816-BA79-4344-BD39-3338501E1BAA}
	EndGlobalSection
EndGlobal
